
Microsoft Visual Studio Solution File, Format Version 12.00
# Visual Studio Version 16
VisualStudioVersion = 16.0.31019.35
MinimumVisualStudioVersion = 10.0.40219.1
Project("{8BC9CEB8-8B4A-11D0-8D11-00A0C91BC942}") = "WinProgramming_01", "WinProgramming_01\WinProgramming_01.vcxproj", "{E16A9F10-619A-4543-BB0D-F0ED98F24326}"
EndProject
Global
	GlobalSection(SolutionConfigurationPlatforms) = preSolution
		Debug|x64 = Debug|x64
		Debug|x86 = Debug|x86
		Release|x64 = Release|x64
		Release|x86 = Release|x86
	EndGlobalSection
	GlobalSection(ProjectConfigurationPlatforms) = postSolution
		{E16A9F10-619A-4543-BB0D-F0ED98F24326}.Debug|x64.ActiveCfg = Debug|x64
		{E16A9F10-619A-4543-BB0D-F0ED98F24326}.Debug|x64.Build.0 = Debug|x64
		{E16A9F10-619A-4543-BB0D-F0ED98F24326}.Debug|x86.ActiveCfg = Debug|Win32
		{E16A9F10-619A-4543-BB0D-F0ED98F24326}.Debug|x86.Build.0 = Debug|Win32
		{E16A9F10-619A-4543-BB0D-F0ED98F24326}.Release|x64.ActiveCfg = Release|x64
		{E16A9F10-619A-4543-BB0D-F0ED98F24326}.Release|x64.Build.0 = Release|x64
		{E16A9F10-619A-4543-BB0D-F0ED98F24326}.Release|x86.ActiveCfg = Release|Win32
		{E16A9F10-619A-4543-BB0D-F0ED98F24326}.Release|x86.Build.0 = Release|Win32
	EndGlobalSection
	GlobalSection(SolutionProperties) = preSolution
		HideSolutionNode = FALSE
	EndGlobalSection
	GlobalSection(ExtensibilityGlobals) = postSolution
		SolutionGuid = {28897363-0595-4C78-995B-D7593E69F659}
	EndGlobalSection
EndGlobal
